# generated by rye
# use `rye lock` or `rye sync` to update this lockfile
#
# last locked with the following flags:
#   pre: false
#   features: []
#   all-features: false
#   with-sources: false
#   generate-hashes: false
#   universal: false

asttokens==3.0.0
    # via stack-data
comm==0.2.2
    # via ipykernel
contourpy==1.3.1
    # via matplotlib
cupy-cuda11x==13.3.0
cycler==0.12.1
    # via matplotlib
debugpy==1.8.9
    # via ipykernel
decorator==5.1.1
    # via ipython
executing==2.1.0
    # via stack-data
fastrlock==0.8.2
    # via cupy-cuda11x
fonttools==4.55.0
    # via matplotlib
imageio==2.36.1
    # via scikit-image
ipykernel==6.29.5
ipython==8.30.0
    # via ipykernel
jedi==0.19.2
    # via ipython
jupyter-client==8.6.3
    # via ipykernel
jupyter-core==5.7.2
    # via ipykernel
    # via jupyter-client
kiwisolver==1.4.7
    # via matplotlib
lazy-loader==0.4
    # via scikit-image
llvmlite==0.43.0
    # via numba
matplotlib==3.9.3
    # via seaborn
matplotlib-inline==0.1.7
    # via ipykernel
    # via ipython
nest-asyncio==1.6.0
    # via ipykernel
networkx==3.4.2
    # via scikit-image
nibabel==5.3.2
numba==0.60.0
numpy==2.0.2
    # via contourpy
    # via cupy-cuda11x
    # via imageio
    # via matplotlib
    # via nibabel
    # via numba
    # via pandas
    # via scikit-image
    # via scipy
    # via seaborn
    # via tifffile
packaging==24.2
    # via ipykernel
    # via lazy-loader
    # via matplotlib
    # via nibabel
    # via scikit-image
pandas==2.2.3
    # via seaborn
parso==0.8.4
    # via jedi
pexpect==4.9.0
    # via ipython
pillow==11.0.0
    # via imageio
    # via matplotlib
    # via scikit-image
platformdirs==4.3.6
    # via jupyter-core
prompt-toolkit==3.0.48
    # via ipython
psutil==6.1.0
    # via ipykernel
ptyprocess==0.7.0
    # via pexpect
pure-eval==0.2.3
    # via stack-data
pygments==2.18.0
    # via ipython
pyparsing==3.2.0
    # via matplotlib
python-dateutil==2.9.0.post0
    # via jupyter-client
    # via matplotlib
    # via pandas
pytz==2024.2
    # via pandas
pyzmq==26.2.0
    # via ipykernel
    # via jupyter-client
scikit-image==0.24.0
scipy==1.14.1
    # via scikit-image
seaborn==0.13.2
six==1.16.0
    # via python-dateutil
stack-data==0.6.3
    # via ipython
tifffile==2024.9.20
    # via scikit-image
tornado==6.4.2
    # via ipykernel
    # via jupyter-client
tqdm==4.67.1
traitlets==5.14.3
    # via comm
    # via ipykernel
    # via ipython
    # via jupyter-client
    # via jupyter-core
    # via matplotlib-inline
typing-extensions==4.12.2
    # via nibabel
tzdata==2024.2
    # via pandas
wcwidth==0.2.13
    # via prompt-toolkit
